// !$*UTF8*$!
{
	archiveVersion = 1;
	classes = {
	};
	objectVersion = 56;
	objects = {

/* Begin PBXBuildFile section */
		AABBCCDD0000000000000001 /* Assets.xcassets in Resources */ = {isa = PBXBuildFile; fileRef = AABBCCDD0000000000000002 /* Assets.xcassets */; };
		00000000000000000000000C /* PesterApp.swift in Sources */ = {isa = PBXBuildFile; fileRef = 00000000000000000000000A /* PesterApp.swift */; };
		00000000000000000000000D /* ContentView.swift in Sources */ = {isa = PBXBuildFile; fileRef = 00000000000000000000000B /* ContentView.swift */; };
		D0AB84EC30531C7E0005370A /* ROADMAP.md in Resources */ = {isa = PBXBuildFile; fileRef = D0AB84EA30531C7D0005370A /* ROADMAP.md */; };
		D0AB84EE30532B530005370A /* TESTING.md in Resources */ = {isa = PBXBuildFile; fileRef = D0AB84ED30532B530005370A /* TESTING.md */; };
/* End PBXBuildFile section */

/* Begin PBXFileReference section */
		AABBCCDD0000000000000002 /* Assets.xcassets */ = {isa = PBXFileReference; lastKnownFileType = folder.assetcatalog; path = Assets.xcassets; sourceTree = "<group>"; };
		000000000000000000000005 /* Pester.app */ = {isa = PBXFileReference; explicitFileType = wrapper.application; includeInIndex = 0; path = Pester.app; sourceTree = BUILT_PRODUCTS_DIR; };
		00000000000000000000000A /* PesterApp.swift */ = {isa = PBXFileReference; lastKnownFileType = sourcecode.swift; path = PesterApp.swift; sourceTree = "<group>"; };
		00000000000000000000000B /* ContentView.swift */ = {isa = PBXFileReference; lastKnownFileType = sourcecode.swift; path = ContentView.swift; sourceTree = "<group>"; };
		D0AB84EA30531C7D0005370A /* ROADMAP.md */ = {isa = PBXFileReference; lastKnownFileType = net.daringfireball.markdown; path = ROADMAP.md; sourceTree = "<group>"; };
		D0AB84ED30532B530005370A /* TESTING.md */ = {isa = PBXFileReference; lastKnownFileType = net.daringfireball.markdown; path = TESTING.md; sourceTree = "<group>"; };
/* End PBXFileReference section */

/* Begin PBXFrameworksBuildPhase section */
		000000000000000000000009 /* Frameworks */ = {
			isa = PBXFrameworksBuildPhase;
			buildActionMask = 2147483647;
			files = (
			);
			runOnlyForDeploymentPostprocessing = 0;
		};
/* End PBXFrameworksBuildPhase section */

/* Begin PBXGroup section */
		000000000000000000000002 = {
			isa = PBXGroup;
			children = (
				000000000000000000000003 /* Pester */,
				000000000000000000000004 /* Products */,
			);
			sourceTree = "<group>";
		};
		000000000000000000000003 /* Pester */ = {
			isa = PBXGroup;
			children = (
				00000000000000000000000A /* PesterApp.swift */,
				00000000000000000000000B /* ContentView.swift */,
				AABBCCDD0000000000000002 /* Assets.xcassets */,
				D0AB84EB30531C7D0005370A /* docs */,
			);
			path = Pester;
			sourceTree = "<group>";
		};
		000000000000000000000004 /* Products */ = {
			isa = PBXGroup;
			children = (
				000000000000000000000005 /* Pester.app */,
			);
			name = Products;
			sourceTree = "<group>";
		};
		D0AB84EB30531C7D0005370A /* docs */ = {
			isa = PBXGroup;
			children = (
				D0AB84EA30531C7D0005370A /* ROADMAP.md */,
				D0AB84ED30532B530005370A /* TESTING.md */,
			);
			path = docs;
			sourceTree = SOURCE_ROOT;
		};
/* End PBXGroup section */

/* Begin PBXNativeTarget section */
		000000000000000000000006 /* Pester */ = {
			isa = PBXNativeTarget;
			buildConfigurationList = 00000000000000000000000F /* Build configuration list for PBXNativeTarget "Pester" */;
			buildPhases = (
				000000000000000000000007 /* Sources */,
				000000000000000000000009 /* Frameworks */,
				000000000000000000000008 /* Resources */,
			);
			buildRules = (
			);
			dependencies = (
			);
			name = Pester;
			productName = Pester;
			productReference = 000000000000000000000005 /* Pester.app */;
			productType = "com.apple.product-type.application";
		};
/* End PBXNativeTarget section */

/* Begin PBXProject section */
		000000000000000000000001 /* Project object */ = {
			isa = PBXProject;
			attributes = {
				LastUpgradeCheck = 1600;
			};
			buildConfigurationList = 00000000000000000000000E /* Build configuration list for PBXProject "Pester" */;
			compatibilityVersion = "Xcode 14.0";
			developmentRegion = en;
			hasScannedForEncodings = 0;
			knownRegions = (
				en,
				Base,
			);
			mainGroup = 000000000000000000000002;
			productRefGroup = 000000000000000000000004 /* Products */;
			projectDirPath = "";
			projectRoot = "";
			targets = (
				000000000000000000000006 /* Pester */,
			);
		};
/* End PBXProject section */

/* Begin PBXResourcesBuildPhase section */
		000000000000000000000008 /* Resources */ = {
			isa = PBXResourcesBuildPhase;
			buildActionMask = 2147483647;
			files = (
				AABBCCDD0000000000000001 /* Assets.xcassets in Resources */,
				D0AB84EC30531C7E0005370A /* ROADMAP.md in Resources */,
				D0AB84EE30532B530005370A /* TESTING.md in Resources */,
			);
			runOnlyForDeploymentPostprocessing = 0;
		};
/* End PBXResourcesBuildPhase section */

/* Begin PBXSourcesBuildPhase section */
		000000000000000000000007 /* Sources */ = {
			isa = PBXSourcesBuildPhase;
			buildActionMask = 2147483647;
			files = (
				00000000000000000000000C /* PesterApp.swift in Sources */,
				00000000000000000000000D /* ContentView.swift in Sources */,
			);
			runOnlyForDeploymentPostprocessing = 0;
		};
/* End PBXSourcesBuildPhase section */

/* Begin XCBuildConfiguration section */
		000000000000000000000010 /* Debug */ = {
			isa = XCBuildConfiguration;
			buildSettings = {
				CLANG_ENABLE_MODULES = YES;
				DEBUG_INFORMATION_FORMAT = dwarf;
				IPHONEOS_DEPLOYMENT_TARGET = 16.0;
				SDKROOT = iphoneos;
				SWIFT_ACTIVE_COMPILATION_CONDITIONS = DEBUG;
				SWIFT_OPTIMIZATION_LEVEL = "-Onone";
			};
			name = Debug;
		};
		000000000000000000000011 /* Release */ = {
			isa = XCBuildConfiguration;
			buildSettings = {
				CLANG_ENABLE_MODULES = YES;
				DEBUG_INFORMATION_FORMAT = "dwarf-with-dsym";
				IPHONEOS_DEPLOYMENT_TARGET = 16.0;
				SDKROOT = iphoneos;
				SWIFT_ACTIVE_COMPILATION_CONDITIONS = "";
				SWIFT_OPTIMIZATION_LEVEL = "-O";
			};
			name = Release;
		};
		000000000000000000000012 /* Debug */ = {
			isa = XCBuildConfiguration;
			buildSettings = {
				ASSETCATALOG_COMPILER_APPICON_NAME = AppIcon;
				CODE_SIGN_STYLE = Automatic;
				CURRENT_PROJECT_VERSION = 40;
				DEVELOPMENT_TEAM = 6PZ4LD87U6;
				GENERATE_INFOPLIST_FILE = YES;
				INFOPLIST_KEY_UIApplicationSceneManifest_Generation = YES;
				INFOPLIST_KEY_UILaunchScreen_Generation = YES;
				INFOPLIST_KEY_UISupportedInterfaceOrientations = "UIInterfaceOrientationPortrait UIInterfaceOrientationLandscapeLeft UIInterfaceOrientationLandscapeRight";
				MARKETING_VERSION = 0.6.2;
				PRODUCT_BUNDLE_IDENTIFIER = com.justin.pester;
				PRODUCT_NAME = "$(TARGET_NAME)";
				SUPPORTED_PLATFORMS = "iphoneos iphonesimulator";
				SUPPORTS_MACCATALYST = NO;
				SWIFT_VERSION = 5.0;
				TARGETED_DEVICE_FAMILY = 1;
			};
			name = Debug;
		};
		000000000000000000000013 /* Release */ = {
			isa = XCBuildConfiguration;
			buildSettings = {
				ASSETCATALOG_COMPILER_APPICON_NAME = AppIcon;
				CODE_SIGN_STYLE = Automatic;
				CURRENT_PROJECT_VERSION = 40;
				DEVELOPMENT_TEAM = 6PZ4LD87U6;
				GENERATE_INFOPLIST_FILE = YES;
				INFOPLIST_KEY_UIApplicationSceneManifest_Generation = YES;
				INFOPLIST_KEY_UILaunchScreen_Generation = YES;
				INFOPLIST_KEY_UISupportedInterfaceOrientations = "UIInterfaceOrientationPortrait UIInterfaceOrientationLandscapeLeft UIInterfaceOrientationLandscapeRight";
				MARKETING_VERSION = 0.6.2;
				PRODUCT_BUNDLE_IDENTIFIER = com.justin.pester;
				PRODUCT_NAME = "$(TARGET_NAME)";
				SUPPORTED_PLATFORMS = "iphoneos iphonesimulator";
				SUPPORTS_MACCATALYST = NO;
				SWIFT_VERSION = 5.0;
				TARGETED_DEVICE_FAMILY = 1;
			};
			name = Release;
		};
/* End XCBuildConfiguration section */

/* Begin XCConfigurationList section */
		00000000000000000000000E /* Build configuration list for PBXProject "Pester" */ = {
			isa = XCConfigurationList;
			buildConfigurations = (
				000000000000000000000010 /* Debug */,
				000000000000000000000011 /* Release */,
			);
			defaultConfigurationIsVisible = 0;
			defaultConfigurationName = Release;
		};
		00000000000000000000000F /* Build configuration list for PBXNativeTarget "Pester" */ = {
			isa = XCConfigurationList;
			buildConfigurations = (
				000000000000000000000012 /* Debug */,
				000000000000000000000013 /* Release */,
			);
			defaultConfigurationIsVisible = 0;
			defaultConfigurationName = Release;
		};
/* End XCConfigurationList section */
	};
	rootObject = 000000000000000000000001 /* Project object */;
}
